
Microsoft Visual Studio Solution File, Format Version 12.00
# Blend for Visual Studio Version 16
VisualStudioVersion = 16.0.29215.179
MinimumVisualStudioVersion = 10.0.40219.1
Project("{FAE04EC0-301F-11D3-BF4B-00C04F79EFBC}") = "SerialCommunication", "SerialCommunication.csproj", "{518C08FA-4BB9-4FDD-A17A-6332635BAA0F}"
EndProject
Global
	GlobalSection(SolutionConfigurationPlatforms) = preSolution
		Debug|Any CPU = Debug|Any CPU
		Release|Any CPU = Release|Any CPU
	EndGlobalSection
	GlobalSection(ProjectConfigurationPlatforms) = postSolution
		{518C08FA-4BB9-4FDD-A17A-6332635BAA0F}.Debug|Any CPU.ActiveCfg = Debug|Any CPU
		{518C08FA-4BB9-4FDD-A17A-6332635BAA0F}.Debug|Any CPU.Build.0 = Debug|Any CPU
		{518C08FA-4BB9-4FDD-A17A-6332635BAA0F}.Release|Any CPU.ActiveCfg = Release|Any CPU
		{518C08FA-4BB9-4FDD-A17A-6332635BAA0F}.Release|Any CPU.Build.0 = Release|Any CPU
	EndGlobalSection
	GlobalSection(SolutionProperties) = preSolution
		HideSolutionNode = FALSE
	EndGlobalSection
	GlobalSection(ExtensibilityGlobals) = postSolution
		SolutionGuid = {FF49E941-F144-4084-89FE-A8A025D734F1}
	EndGlobalSection
EndGlobal
